
Microsoft Visual Studio Solution File, Format Version 12.00
# Visual Studio Version 17
VisualStudioVersion = 17.8.34330.188
MinimumVisualStudioVersion = 10.0.40219.1
Project("{FAE04EC0-301F-11D3-BF4B-00C04F79EFBC}") = "MagicVilla_API", "MagicVilla_API\MagicVilla_API.csproj", "{AB497EF2-EE18-48A4-BD49-CA59B6B2648D}"
EndProject
Global
	GlobalSection(SolutionConfigurationPlatforms) = preSolution
		Debug|Any CPU = Debug|Any CPU
		Release|Any CPU = Release|Any CPU
	EndGlobalSection
	GlobalSection(ProjectConfigurationPlatforms) = postSolution
		{AB497EF2-EE18-48A4-BD49-CA59B6B2648D}.Debug|Any CPU.ActiveCfg = Debug|Any CPU
		{AB497EF2-EE18-48A4-BD49-CA59B6B2648D}.Debug|Any CPU.Build.0 = Debug|Any CPU
		{AB497EF2-EE18-48A4-BD49-CA59B6B2648D}.Release|Any CPU.ActiveCfg = Release|Any CPU
		{AB497EF2-EE18-48A4-BD49-CA59B6B2648D}.Release|Any CPU.Build.0 = Release|Any CPU
	EndGlobalSection
	GlobalSection(SolutionProperties) = preSolution
		HideSolutionNode = FALSE
	EndGlobalSection
	GlobalSection(ExtensibilityGlobals) = postSolution
		SolutionGuid = {E69D4F85-5D6E-4BA9-A56C-86A377D6EC64}
	EndGlobalSection
EndGlobal
